{
  "nodes": {
    "crane": {
      "inputs": {
        "flake-compat": [],
        "flake-utils": [
          "flake-utils"
        ],
        "nixpkgs": [
          "nixpkgs"
        ],
        "rust-overlay": []
      },
      "locked": {
        "lastModified": 1678152261,
        "narHash": "sha256-cPRDxwygVMleiSEGELrvAiq9vYAN4c3KK/K4UEO13vU=",
        "owner": "ipetkov",
        "repo": "crane",
        "rev": "5291dd0aa7a52d607fc952763ef60714e4c881d4",
        "type": "github"
      },
      "original": {
        "owner": "ipetkov",
        "repo": "crane",
        "type": "github"
      }
    },
    "fenix": {
      "inputs": {
        "nixpkgs": [
          "nixpkgs"
        ],
        "rust-analyzer-src": []
      },
      "locked": {
        "lastModified": 1679120542,
        "narHash": "sha256-NqulL85Yk/5fF7Tw3CIN8E6Xf6c6u36r1yXo4rbjS74=",
        "owner": "nix-community",
        "repo": "fenix",
        "rev": "e9afa9455d7a6505d7d13fe8e038e430bbf149d0",
        "type": "github"
      },
      "original": {
        "owner": "nix-community",
        "repo": "fenix",
        "type": "github"
      }
    },
    "flake-utils": {
      "locked": {
        "lastModified": 1678901627,
        "narHash": "sha256-U02riOqrKKzwjsxc/400XnElV+UtPUQWpANPlyazjH0=",
        "owner": "numtide",
        "repo": "flake-utils",
        "rev": "93a2b84fc4b70d9e089d029deacc3583435c2ed6",
        "type": "github"
      },
      "original": {
        "owner": "numtide",
        "repo": "flake-utils",
        "type": "github"
      }
    },
    "nix-filter": {
      "locked": {
        "lastModified": 1678109515,
        "narHash": "sha256-C2X+qC80K2C1TOYZT8nabgo05Dw2HST/pSn6s+n6BO8=",
        "owner": "numtide",
        "repo": "nix-filter",
        "rev": "aa9ff6ce4a7f19af6415fb3721eaa513ea6c763c",
        "type": "github"
      },
      "original": {
        "owner": "numtide",
        "repo": "nix-filter",
        "type": "github"
      }
    },
    "nixpkgs": {
      "locked": {
        "lastModified": 1678898370,
        "narHash": "sha256-xTICr1j+uat5hk9FyuPOFGxpWHdJRibwZC+ATi0RbtE=",
        "owner": "nixos",
        "repo": "nixpkgs",
        "rev": "ac718d02867a84b42522a0ece52d841188208f2c",
        "type": "github"
      },
      "original": {
        "owner": "nixos",
        "ref": "nixos-unstable",
        "repo": "nixpkgs",
        "type": "github"
      }
    },
    "root": {
      "inputs": {
        "crane": "crane",
        "fenix": "fenix",
        "flake-utils": "flake-utils",
        "nix-filter": "nix-filter",
        "nixpkgs": "nixpkgs"
      }
    }
  },
  "root": "root",
  "version": 7
}
